
Microsoft Visual Studio Solution File, Format Version 12.00
# Visual Studio Version 17
VisualStudioVersion = 17.1.32210.238
MinimumVisualStudioVersion = 10.0.40219.1
Project("{9A19103F-16F7-4668-BE54-9A1E7A4F7556}") = "exposure-api", "exposure-api\exposure-api.csproj", "{481F586D-DA15-4A12-BB0A-AFD23A339BB2}"
EndProject
Project("{9A19103F-16F7-4668-BE54-9A1E7A4F7556}") = "ExpBuilder", "ExpBuilder\ExpBuilder.csproj", "{F57E7EF3-053F-4B84-955C-D418C3993F56}"
EndProject
Project("{9A19103F-16F7-4668-BE54-9A1E7A4F7556}") = "exposure-core", "exposure-core\exposure-core.csproj", "{E6710761-1F93-4616-9CA6-2D8B5765F469}"
EndProject
Project("{9A19103F-16F7-4668-BE54-9A1E7A4F7556}") = "exposure-extensions", "exposure-extensions\exposure-extensions.csproj", "{4DCACC12-14C8-4268-8E27-96519C13E3D4}"
EndProject
Project("{9A19103F-16F7-4668-BE54-9A1E7A4F7556}") = "exposure-modules", "exposure-modules\exposure-modules.csproj", "{9F607EF2-F082-4360-A770-C863595F11B7}"
EndProject
Global
	GlobalSection(SolutionConfigurationPlatforms) = preSolution
		Debug|Any CPU = Debug|Any CPU
		Release|Any CPU = Release|Any CPU
	EndGlobalSection
	GlobalSection(ProjectConfigurationPlatforms) = postSolution
		{481F586D-DA15-4A12-BB0A-AFD23A339BB2}.Debug|Any CPU.ActiveCfg = Debug|Any CPU
		{481F586D-DA15-4A12-BB0A-AFD23A339BB2}.Debug|Any CPU.Build.0 = Debug|Any CPU
		{481F586D-DA15-4A12-BB0A-AFD23A339BB2}.Release|Any CPU.ActiveCfg = Release|Any CPU
		{481F586D-DA15-4A12-BB0A-AFD23A339BB2}.Release|Any CPU.Build.0 = Release|Any CPU
		{F57E7EF3-053F-4B84-955C-D418C3993F56}.Debug|Any CPU.ActiveCfg = Debug|Any CPU
		{F57E7EF3-053F-4B84-955C-D418C3993F56}.Debug|Any CPU.Build.0 = Debug|Any CPU
		{F57E7EF3-053F-4B84-955C-D418C3993F56}.Release|Any CPU.ActiveCfg = Release|Any CPU
		{F57E7EF3-053F-4B84-955C-D418C3993F56}.Release|Any CPU.Build.0 = Release|Any CPU
		{E6710761-1F93-4616-9CA6-2D8B5765F469}.Debug|Any CPU.ActiveCfg = Debug|Any CPU
		{E6710761-1F93-4616-9CA6-2D8B5765F469}.Debug|Any CPU.Build.0 = Debug|Any CPU
		{E6710761-1F93-4616-9CA6-2D8B5765F469}.Release|Any CPU.ActiveCfg = Release|Any CPU
		{E6710761-1F93-4616-9CA6-2D8B5765F469}.Release|Any CPU.Build.0 = Release|Any CPU
		{4DCACC12-14C8-4268-8E27-96519C13E3D4}.Debug|Any CPU.ActiveCfg = Debug|Any CPU
		{4DCACC12-14C8-4268-8E27-96519C13E3D4}.Debug|Any CPU.Build.0 = Debug|Any CPU
		{4DCACC12-14C8-4268-8E27-96519C13E3D4}.Release|Any CPU.ActiveCfg = Release|Any CPU
		{4DCACC12-14C8-4268-8E27-96519C13E3D4}.Release|Any CPU.Build.0 = Release|Any CPU
		{9F607EF2-F082-4360-A770-C863595F11B7}.Debug|Any CPU.ActiveCfg = Debug|Any CPU
		{9F607EF2-F082-4360-A770-C863595F11B7}.Debug|Any CPU.Build.0 = Debug|Any CPU
		{9F607EF2-F082-4360-A770-C863595F11B7}.Release|Any CPU.ActiveCfg = Release|Any CPU
		{9F607EF2-F082-4360-A770-C863595F11B7}.Release|Any CPU.Build.0 = Release|Any CPU
	EndGlobalSection
	GlobalSection(SolutionProperties) = preSolution
		HideSolutionNode = FALSE
	EndGlobalSection
	GlobalSection(ExtensibilityGlobals) = postSolution
		SolutionGuid = {9C305773-6A26-4F71-8AAA-D3E2078375F5}
	EndGlobalSection
EndGlobal
